
Microsoft Visual Studio Solution File, Format Version 12.00
# Visual Studio Version 16
VisualStudioVersion = 16.0.29926.136
MinimumVisualStudioVersion = 10.0.40219.1
Project("{FAE04EC0-301F-11D3-BF4B-00C04F79EFBC}") = "UniqueNZ", "UniqueNZ\UniqueNZ.csproj", "{4E13D6DC-DB02-4257-BD78-289704F71690}"
EndProject
Global
	GlobalSection(SolutionConfigurationPlatforms) = preSolution
		Debug|Any CPU = Debug|Any CPU
		Release|Any CPU = Release|Any CPU
	EndGlobalSection
	GlobalSection(ProjectConfigurationPlatforms) = postSolution
		{4E13D6DC-DB02-4257-BD78-289704F71690}.Debug|Any CPU.ActiveCfg = Debug|Any CPU
		{4E13D6DC-DB02-4257-BD78-289704F71690}.Debug|Any CPU.Build.0 = Debug|Any CPU
		{4E13D6DC-DB02-4257-BD78-289704F71690}.Release|Any CPU.ActiveCfg = Release|Any CPU
		{4E13D6DC-DB02-4257-BD78-289704F71690}.Release|Any CPU.Build.0 = Release|Any CPU
	EndGlobalSection
	GlobalSection(SolutionProperties) = preSolution
		HideSolutionNode = FALSE
	EndGlobalSection
	GlobalSection(ExtensibilityGlobals) = postSolution
		SolutionGuid = {EBA5378E-58CB-43C2-B21E-8346737378C4}
	EndGlobalSection
EndGlobal
